
Microsoft Visual Studio Solution File, Format Version 12.00
# Visual Studio Version 17
VisualStudioVersion = 17.0.32014.148
MinimumVisualStudioVersion = 10.0.40219.1
Project("{8BC9CEB8-8B4A-11D0-8D11-00A0C91BC942}") = "BOJ_15700", "BOJ_15700\BOJ_15700.vcxproj", "{E5EE81E7-55B9-4930-853C-2995453D26F0}"
EndProject
Global
	GlobalSection(SolutionConfigurationPlatforms) = preSolution
		Debug|x64 = Debug|x64
		Release|x64 = Release|x64
	EndGlobalSection
	GlobalSection(ProjectConfigurationPlatforms) = postSolution
		{E5EE81E7-55B9-4930-853C-2995453D26F0}.Debug|x64.ActiveCfg = Debug|x64
		{E5EE81E7-55B9-4930-853C-2995453D26F0}.Debug|x64.Build.0 = Debug|x64
		{E5EE81E7-55B9-4930-853C-2995453D26F0}.Release|x64.ActiveCfg = Release|x64
		{E5EE81E7-55B9-4930-853C-2995453D26F0}.Release|x64.Build.0 = Release|x64
	EndGlobalSection
	GlobalSection(SolutionProperties) = preSolution
		HideSolutionNode = FALSE
	EndGlobalSection
	GlobalSection(ExtensibilityGlobals) = postSolution
		SolutionGuid = {14F59843-6ACB-4F57-9327-0DDC0A5F4105}
	EndGlobalSection
EndGlobal
